{
  "version": 4,
  "terraform_version": "0.12.20",
  "serial": 193,
  "lineage": "77ebb6f0-5536-8cea-05fd-e1f4a024d14c",
  "outputs": {},
  "resources": [
    {
      "mode": "managed",
      "type": "aws_alb_target_group",
      "name": "espm_backend_alb_tg",
      "provider": "provider.aws",
      "instances": [
        {
          "schema_version": 0,
          "attributes": {
            "arn": "arn:aws:elasticloadbalancing:ap-south-1:638987496525:targetgroup/espm-backend-alb-tg/66771ae9f3a8f8c2",
            "arn_suffix": "targetgroup/espm-backend-alb-tg/66771ae9f3a8f8c2",
            "deregistration_delay": 300,
            "health_check": [
              {
                "enabled": true,
                "healthy_threshold": 5,
                "interval": 30,
                "matcher": "200",
                "path": "/",
                "port": "traffic-port",
                "protocol": "HTTP",
                "timeout": 5,
                "unhealthy_threshold": 2
              }
            ],
            "id": "arn:aws:elasticloadbalancing:ap-south-1:638987496525:targetgroup/espm-backend-alb-tg/66771ae9f3a8f8c2",
            "lambda_multi_value_headers_enabled": false,
            "name": "espm-backend-alb-tg",
            "name_prefix": null,
            "port": 80,
            "protocol": "HTTP",
            "proxy_protocol_v2": false,
            "slow_start": 0,
            "stickiness": [
              {
                "cookie_duration": 86400,
                "enabled": false,
                "type": "lb_cookie"
              }
            ],
            "tags": {},
            "target_type": "instance",
            "vpc_id": "vpc-079ea5eb0ddf703ad"
          },
          "private": "bnVsbA==",
          "dependencies": [
            "aws_vpc.espm_vpc"
          ]
        }
      ]
    },
    {
      "mode": "managed",
      "type": "aws_alb_target_group",
      "name": "espm_web_alb_tg",
      "provider": "provider.aws",
      "instances": [
        {
          "schema_version": 0,
          "attributes": {
            "arn": "arn:aws:elasticloadbalancing:ap-south-1:638987496525:targetgroup/espm-web-alb-tg/9096baad810d5b96",
            "arn_suffix": "targetgroup/espm-web-alb-tg/9096baad810d5b96",
            "deregistration_delay": 300,
            "health_check": [
              {
                "enabled": true,
                "healthy_threshold": 5,
                "interval": 30,
                "matcher": "200",
                "path": "/",
                "port": "traffic-port",
                "protocol": "HTTP",
                "timeout": 5,
                "unhealthy_threshold": 2
              }
            ],
            "id": "arn:aws:elasticloadbalancing:ap-south-1:638987496525:targetgroup/espm-web-alb-tg/9096baad810d5b96",
            "lambda_multi_value_headers_enabled": false,
            "name": "espm-web-alb-tg",
            "name_prefix": null,
            "port": 80,
            "protocol": "HTTP",
            "proxy_protocol_v2": false,
            "slow_start": 0,
            "stickiness": [
              {
                "cookie_duration": 86400,
                "enabled": false,
                "type": "lb_cookie"
              }
            ],
            "tags": {},
            "target_type": "instance",
            "vpc_id": "vpc-079ea5eb0ddf703ad"
          },
          "private": "bnVsbA==",
          "dependencies": [
            "aws_vpc.espm_vpc"
          ]
        }
      ]
    },
    {
      "mode": "managed",
      "type": "aws_autoscaling_attachment",
      "name": "espm_backend_asg_attachment",
      "provider": "provider.aws",
      "instances": [
        {
          "schema_version": 0,
          "attributes": {
            "alb_target_group_arn": "arn:aws:elasticloadbalancing:ap-south-1:638987496525:targetgroup/espm-backend-alb-tg/66771ae9f3a8f8c2",
            "autoscaling_group_name": "backend_config20200205103836496300000002-asg",
            "elb": null,
            "id": "backend_config20200205103836496300000002-asg-20200205104126071000000004"
          },
          "private": "bnVsbA==",
          "dependencies": [
            "aws_alb_target_group.espm_backend_alb_tg",
            "aws_autoscaling_group.espm_backend_asg",
            "aws_key_pair.bastion_key",
            "aws_launch_configuration.espm_backend_config",
            "aws_security_group.espm_backend_asg_config_sg",
            "aws_subnet.espm_pri_subnet"
          ]
        }
      ]
    },
    {
      "mode": "managed",
      "type": "aws_autoscaling_attachment",
      "name": "espm_web_asg_attachment",
      "provider": "provider.aws",
      "instances": [
        {
          "schema_version": 0,
          "attributes": {
            "alb_target_group_arn": "arn:aws:elasticloadbalancing:ap-south-1:638987496525:targetgroup/espm-web-alb-tg/9096baad810d5b96",
            "autoscaling_group_name": "web_config20200205103836495800000001-asg",
            "elb": null,
            "id": "web_config20200205103836495800000001-asg-20200205103928895900000003"
          },
          "private": "bnVsbA==",
          "dependencies": [
            "aws_alb_target_group.espm_web_alb_tg",
            "aws_autoscaling_group.espm_web_asg",
            "aws_key_pair.bastion_key",
            "aws_launch_configuration.espm_web_config",
            "aws_security_group.espm_fronted_asg_config_sg",
            "aws_subnet.espm_pri_subnet"
          ]
        }
      ]
    },
    {
      "mode": "managed",
      "type": "aws_autoscaling_group",
      "name": "espm_backend_asg",
      "provider": "provider.aws",
      "instances": [
        {
          "schema_version": 0,
          "attributes": {
            "arn": "arn:aws:autoscaling:ap-south-1:638987496525:autoScalingGroup:e10475b8-9c99-4188-99d8-08ca24cf99b1:autoScalingGroupName/backend_config20200205103836496300000002-asg",
            "availability_zones": [
              "ap-south-1a",
              "ap-south-1b"
            ],
            "default_cooldown": 300,
            "desired_capacity": 2,
            "enabled_metrics": null,
            "force_delete": false,
            "health_check_grace_period": 300,
            "health_check_type": "EC2",
            "id": "backend_config20200205103836496300000002-asg",
            "initial_lifecycle_hook": [],
            "launch_configuration": "backend_config20200205103836496300000002",
            "launch_template": [],
            "load_balancers": [],
            "max_instance_lifetime": 0,
            "max_size": 4,
            "metrics_granularity": "1Minute",
            "min_elb_capacity": null,
            "min_size": 2,
            "mixed_instances_policy": [],
            "name": "backend_config20200205103836496300000002-asg",
            "name_prefix": null,
            "placement_group": "",
            "protect_from_scale_in": false,
            "service_linked_role_arn": "arn:aws:iam::638987496525:role/aws-service-role/autoscaling.amazonaws.com/AWSServiceRoleForAutoScaling",
            "suspended_processes": null,
            "tag": [],
            "tags": null,
            "target_group_arns": [],
            "termination_policies": null,
            "timeouts": null,
            "vpc_zone_identifier": [
              "subnet-04648e0e8a9dacb34",
              "subnet-076b682d39d8d0787"
            ],
            "wait_for_capacity_timeout": "10m",
            "wait_for_elb_capacity": null
          },
          "private": "eyJlMmJmYjczMC1lY2FhLTExZTYtOGY4OC0zNDM2M2JjN2M0YzAiOnsiZGVsZXRlIjo2MDAwMDAwMDAwMDB9fQ==",
          "dependencies": [
            "aws_key_pair.bastion_key",
            "aws_launch_configuration.espm_backend_config",
            "aws_security_group.espm_backend_asg_config_sg",
            "aws_subnet.espm_pri_subnet"
          ]
        }
      ]
    },
    {
      "mode": "managed",
      "type": "aws_autoscaling_group",
      "name": "espm_web_asg",
      "provider": "provider.aws",
      "instances": [
        {
          "schema_version": 0,
          "attributes": {
            "arn": "arn:aws:autoscaling:ap-south-1:638987496525:autoScalingGroup:65c34622-453b-4eb2-a37a-046452cf8a14:autoScalingGroupName/web_config20200205103836495800000001-asg",
            "availability_zones": [
              "ap-south-1a",
              "ap-south-1b"
            ],
            "default_cooldown": 300,
            "desired_capacity": 2,
            "enabled_metrics": null,
            "force_delete": false,
            "health_check_grace_period": 300,
            "health_check_type": "EC2",
            "id": "web_config20200205103836495800000001-asg",
            "initial_lifecycle_hook": [],
            "launch_configuration": "web_config20200205103836495800000001",
            "launch_template": [],
            "load_balancers": [],
            "max_instance_lifetime": 0,
            "max_size": 4,
            "metrics_granularity": "1Minute",
            "min_elb_capacity": null,
            "min_size": 2,
            "mixed_instances_policy": [],
            "name": "web_config20200205103836495800000001-asg",
            "name_prefix": null,
            "placement_group": "",
            "protect_from_scale_in": false,
            "service_linked_role_arn": "arn:aws:iam::638987496525:role/aws-service-role/autoscaling.amazonaws.com/AWSServiceRoleForAutoScaling",
            "suspended_processes": null,
            "tag": [],
            "tags": null,
            "target_group_arns": [],
            "termination_policies": null,
            "timeouts": null,
            "vpc_zone_identifier": [
              "subnet-04648e0e8a9dacb34",
              "subnet-076b682d39d8d0787"
            ],
            "wait_for_capacity_timeout": "10m",
            "wait_for_elb_capacity": null
          },
          "private": "eyJlMmJmYjczMC1lY2FhLTExZTYtOGY4OC0zNDM2M2JjN2M0YzAiOnsiZGVsZXRlIjo2MDAwMDAwMDAwMDB9fQ==",
          "dependencies": [
            "aws_key_pair.bastion_key",
            "aws_launch_configuration.espm_web_config",
            "aws_security_group.espm_fronted_asg_config_sg",
            "aws_subnet.espm_pri_subnet"
          ]
        }
      ]
    },
    {
      "mode": "managed",
      "type": "aws_autoscaling_policy",
      "name": "backend",
      "provider": "provider.aws",
      "instances": [
        {
          "schema_version": 0,
          "attributes": {
            "adjustment_type": "ChangeInCapacity",
            "arn": "arn:aws:autoscaling:ap-south-1:638987496525:scalingPolicy:0d5713ea-2122-430f-b43a-5a5517d72edc:autoScalingGroupName/backend_config20200205103836496300000002-asg:policyName/espm-backend-autoscaling-policy",
            "autoscaling_group_name": "backend_config20200205103836496300000002-asg",
            "cooldown": 300,
            "estimated_instance_warmup": 0,
            "id": "espm-backend-autoscaling-policy",
            "metric_aggregation_type": "",
            "min_adjustment_magnitude": null,
            "min_adjustment_step": null,
            "name": "espm-backend-autoscaling-policy",
            "policy_type": "SimpleScaling",
            "scaling_adjustment": 1,
            "step_adjustment": [],
            "target_tracking_configuration": []
          },
          "private": "bnVsbA==",
          "dependencies": [
            "aws_autoscaling_group.espm_backend_asg",
            "aws_key_pair.bastion_key",
            "aws_launch_configuration.espm_backend_config",
            "aws_security_group.espm_backend_asg_config_sg",
            "aws_subnet.espm_pri_subnet"
          ]
        }
      ]
    },
    {
      "mode": "managed",
      "type": "aws_autoscaling_policy",
      "name": "web",
      "provider": "provider.aws",
      "instances": [
        {
          "schema_version": 0,
          "attributes": {
            "adjustment_type": "ChangeInCapacity",
            "arn": "arn:aws:autoscaling:ap-south-1:638987496525:scalingPolicy:0d7b5b1f-c3c3-47e1-80d0-9c14efd97f9d:autoScalingGroupName/web_config20200205103836495800000001-asg:policyName/espm-web-autoscaling-policy",
            "autoscaling_group_name": "web_config20200205103836495800000001-asg",
            "cooldown": 300,
            "estimated_instance_warmup": 0,
            "id": "espm-web-autoscaling-policy",
            "metric_aggregation_type": "",
            "min_adjustment_magnitude": null,
            "min_adjustment_step": null,
            "name": "espm-web-autoscaling-policy",
            "policy_type": "SimpleScaling",
            "scaling_adjustment": 1,
            "step_adjustment": [],
            "target_tracking_configuration": []
          },
          "private": "bnVsbA==",
          "dependencies": [
            "aws_autoscaling_group.espm_web_asg",
            "aws_key_pair.bastion_key",
            "aws_launch_configuration.espm_web_config",
            "aws_security_group.espm_fronted_asg_config_sg",
            "aws_subnet.espm_pri_subnet"
          ]
        }
      ]
    },
    {
      "mode": "managed",
      "type": "aws_eip",
      "name": "espm_eip_nat",
      "provider": "provider.aws",
      "instances": [
        {
          "schema_version": 0,
          "attributes": {
            "allocation_id": null,
            "associate_with_private_ip": null,
            "association_id": "eipassoc-8a1bc950",
            "domain": "vpc",
            "id": "eipalloc-057c616cb1e733220",
            "instance": "",
            "network_interface": "eni-0d9898161da3f761e",
            "private_dns": "ip-10-0-2-131.ap-south-1.compute.internal",
            "private_ip": "10.0.2.131",
            "public_dns": "ec2-15-206-162-184.ap-south-1.compute.amazonaws.com",
            "public_ip": "15.206.162.184",
            "public_ipv4_pool": "amazon",
            "tags": {},
            "timeouts": null,
            "vpc": true
          },
          "private": "eyJlMmJmYjczMC1lY2FhLTExZTYtOGY4OC0zNDM2M2JjN2M0YzAiOnsiZGVsZXRlIjoxODAwMDAwMDAwMDAsInJlYWQiOjkwMDAwMDAwMDAwMCwidXBkYXRlIjozMDAwMDAwMDAwMDB9fQ=="
        }
      ]
    },
    {
      "mode": "managed",
      "type": "aws_instance",
      "name": "bastion",
      "provider": "provider.aws",
      "instances": [
        {
          "schema_version": 1,
          "attributes": {
            "ami": "ami-0620d12a9cf777c87",
            "arn": "arn:aws:ec2:ap-south-1:638987496525:instance/i-04e91a4c2885e1db1",
            "associate_public_ip_address": true,
            "availability_zone": "ap-south-1a",
            "cpu_core_count": 1,
            "cpu_threads_per_core": 1,
            "credit_specification": [
              {
                "cpu_credits": "standard"
              }
            ],
            "disable_api_termination": false,
            "ebs_block_device": [],
            "ebs_optimized": false,
            "ephemeral_block_device": [],
            "get_password_data": false,
            "host_id": null,
            "iam_instance_profile": "",
            "id": "i-04e91a4c2885e1db1",
            "instance_initiated_shutdown_behavior": null,
            "instance_state": "running",
            "instance_type": "t2.micro",
            "ipv6_address_count": 0,
            "ipv6_addresses": [],
            "key_name": "karthik_ssh_key",
            "monitoring": false,
            "network_interface": [],
            "network_interface_id": null,
            "password_data": "",
            "placement_group": "",
            "primary_network_interface_id": "eni-086470ae50ade176c",
            "private_dns": "ip-10-0-1-225.ap-south-1.compute.internal",
            "private_ip": "10.0.1.225",
            "public_dns": "ec2-35-154-46-103.ap-south-1.compute.amazonaws.com",
            "public_ip": "35.154.46.103",
            "root_block_device": [
              {
                "delete_on_termination": true,
                "encrypted": false,
                "iops": 100,
                "kms_key_id": "",
                "volume_id": "vol-0765035c435e4b528",
                "volume_size": 8,
                "volume_type": "gp2"
              }
            ],
            "security_groups": [
              "sg-018817fd27921dd57"
            ],
            "source_dest_check": true,
            "subnet_id": "subnet-08bd74ff4df0b9e67",
            "tags": null,
            "tenancy": "default",
            "timeouts": null,
            "user_data": "77392fcb1bc805c9491ba6891be66f2d0117dc9e",
            "user_data_base64": null,
            "volume_tags": {},
            "vpc_security_group_ids": [
              "sg-018817fd27921dd57"
            ]
          },
          "private": "eyJlMmJmYjczMC1lY2FhLTExZTYtOGY4OC0zNDM2M2JjN2M0YzAiOnsiY3JlYXRlIjo2MDAwMDAwMDAwMDAsImRlbGV0ZSI6MTIwMDAwMDAwMDAwMCwidXBkYXRlIjo2MDAwMDAwMDAwMDB9LCJzY2hlbWFfdmVyc2lvbiI6IjEifQ==",
          "dependencies": [
            "aws_key_pair.bastion_key",
            "aws_security_group.bastion-sg",
            "aws_subnet.espm_pub_subnet"
          ]
        }
      ]
    },
    {
      "mode": "managed",
      "type": "aws_internet_gateway",
      "name": "espm_IG",
      "provider": "provider.aws",
      "instances": [
        {
          "schema_version": 0,
          "attributes": {
            "id": "igw-0e107039b1f531ede",
            "owner_id": "638987496525",
            "tags": {
              "Name": "espm_IG"
            },
            "vpc_id": "vpc-079ea5eb0ddf703ad"
          },
          "private": "bnVsbA==",
          "dependencies": [
            "aws_vpc.espm_vpc"
          ]
        }
      ]
    },
    {
      "mode": "managed",
      "type": "aws_key_pair",
      "name": "bastion_key",
      "provider": "provider.aws",
      "instances": [
        {
          "schema_version": 1,
          "attributes": {
            "fingerprint": "b7:63:91:a2:14:54:5c:d8:3d:4b:c4:23:ff:a9:8a:54",
            "id": "karthik_ssh_key",
            "key_name": "karthik_ssh_key",
            "key_name_prefix": null,
            "key_pair_id": "key-0054d7a24e58efaea",
            "public_key": "ssh-rsa AAAAB3NzaC1yc2EAAAADAQABAAABAQDPRFgwvoJvjsZp3hRDw3j+dglVLldp90aNPcuIDxgvoPr2U0vzz1NvLs9primYVBme59fOhmtkB4qvnWIWVN3r+/dCmKGLF7fp9lFDL1V05vHwiVZxQmAu7gBa2ZJY2wla/mDEE/EpdmgaQ/l1Vn0ZHqzR/JWUaW3umH3wZjBIZnzPU4UJEbAsnPQzXC+/iyMIIhWKRQWVxhfBR/UCWNosoRW6kNX9CCzp2BRgeoaeREe3iXa/fdI801QFkESx07O4+XozNxT6nQv4mm//D1fKA5hiYjhr6L+AkOzjWMYHs1ot2PRf/dnCoMtCif8U6CaB8o8WLA3qPRK4WEYmaQ1N i322937@C02V41RDHV2R",
            "tags": {}
          },
          "private": "eyJzY2hlbWFfdmVyc2lvbiI6IjEifQ=="
        }
      ]
    },
    {
      "mode": "managed",
      "type": "aws_launch_configuration",
      "name": "espm_backend_config",
      "provider": "provider.aws",
      "instances": [
        {
          "schema_version": 0,
          "attributes": {
            "arn": "arn:aws:autoscaling:ap-south-1:638987496525:launchConfiguration:b496174d-6e14-4531-8faa-cc9221d1df92:launchConfigurationName/backend_config20200205103836496300000002",
            "associate_public_ip_address": false,
            "ebs_block_device": [],
            "ebs_optimized": false,
            "enable_monitoring": true,
            "ephemeral_block_device": [],
            "iam_instance_profile": "",
            "id": "backend_config20200205103836496300000002",
            "image_id": "ami-0620d12a9cf777c87",
            "instance_type": "t2.micro",
            "key_name": "karthik_ssh_key",
            "name": "backend_config20200205103836496300000002",
            "name_prefix": "backend_config",
            "placement_tenancy": null,
            "root_block_device": [],
            "security_groups": [
              "sg-0cdd2e4f4c98a630c"
            ],
            "spot_price": "",
            "user_data": "77392fcb1bc805c9491ba6891be66f2d0117dc9e",
            "user_data_base64": null,
            "vpc_classic_link_id": "",
            "vpc_classic_link_security_groups": null
          },
          "private": "bnVsbA==",
          "dependencies": [
            "aws_key_pair.bastion_key",
            "aws_security_group.espm_backend_asg_config_sg"
          ]
        }
      ]
    },
    {
      "mode": "managed",
      "type": "aws_launch_configuration",
      "name": "espm_web_config",
      "provider": "provider.aws",
      "instances": [
        {
          "schema_version": 0,
          "attributes": {
            "arn": "arn:aws:autoscaling:ap-south-1:638987496525:launchConfiguration:3499290c-dc15-4d73-859f-53fc766fd1d3:launchConfigurationName/web_config20200205103836495800000001",
            "associate_public_ip_address": false,
            "ebs_block_device": [],
            "ebs_optimized": false,
            "enable_monitoring": true,
            "ephemeral_block_device": [],
            "iam_instance_profile": "",
            "id": "web_config20200205103836495800000001",
            "image_id": "ami-0620d12a9cf777c87",
            "instance_type": "t2.micro",
            "key_name": "karthik_ssh_key",
            "name": "web_config20200205103836495800000001",
            "name_prefix": "web_config",
            "placement_tenancy": null,
            "root_block_device": [],
            "security_groups": [
              "sg-07acbacf0a070ca1c"
            ],
            "spot_price": "",
            "user_data": "77392fcb1bc805c9491ba6891be66f2d0117dc9e",
            "user_data_base64": null,
            "vpc_classic_link_id": "",
            "vpc_classic_link_security_groups": null
          },
          "private": "bnVsbA==",
          "dependencies": [
            "aws_key_pair.bastion_key",
            "aws_security_group.espm_fronted_asg_config_sg"
          ]
        }
      ]
    },
    {
      "mode": "managed",
      "type": "aws_lb",
      "name": "espm_app_backend_lb",
      "provider": "provider.aws",
      "instances": [
        {
          "schema_version": 0,
          "attributes": {
            "access_logs": [
              {
                "bucket": "",
                "enabled": false,
                "prefix": ""
              }
            ],
            "arn": "arn:aws:elasticloadbalancing:ap-south-1:638987496525:loadbalancer/app/espm-app-lb/667596d39e1822a5",
            "arn_suffix": "app/espm-app-lb/667596d39e1822a5",
            "dns_name": "internal-espm-app-lb-1565058514.ap-south-1.elb.amazonaws.com",
            "enable_cross_zone_load_balancing": null,
            "enable_deletion_protection": false,
            "enable_http2": true,
            "id": "arn:aws:elasticloadbalancing:ap-south-1:638987496525:loadbalancer/app/espm-app-lb/667596d39e1822a5",
            "idle_timeout": 60,
            "internal": true,
            "ip_address_type": "ipv4",
            "load_balancer_type": "application",
            "name": "espm-app-lb",
            "name_prefix": null,
            "security_groups": [
              "sg-0167ba0dcc0311233"
            ],
            "subnet_mapping": [
              {
                "allocation_id": "",
                "subnet_id": "subnet-04648e0e8a9dacb34"
              },
              {
                "allocation_id": "",
                "subnet_id": "subnet-076b682d39d8d0787"
              }
            ],
            "subnets": [
              "subnet-04648e0e8a9dacb34",
              "subnet-076b682d39d8d0787"
            ],
            "tags": {
              "Name": "INTERNAL-ALB"
            },
            "timeouts": null,
            "vpc_id": "vpc-079ea5eb0ddf703ad",
            "zone_id": "ZP97RAFLXTNZK"
          },
          "private": "eyJlMmJmYjczMC1lY2FhLTExZTYtOGY4OC0zNDM2M2JjN2M0YzAiOnsiY3JlYXRlIjo2MDAwMDAwMDAwMDAsImRlbGV0ZSI6NjAwMDAwMDAwMDAwLCJ1cGRhdGUiOjYwMDAwMDAwMDAwMH19",
          "dependencies": [
            "aws_internet_gateway.espm_IG",
            "aws_security_group.espm_sg_backend_lb",
            "aws_security_group.espm_sg_web_lb",
            "aws_subnet.espm_pri_subnet",
            "aws_vpc.espm_vpc"
          ]
        }
      ]
    },
    {
      "mode": "managed",
      "type": "aws_lb",
      "name": "espm_web_lb",
      "provider": "provider.aws",
      "instances": [
        {
          "schema_version": 0,
          "attributes": {
            "access_logs": [
              {
                "bucket": "",
                "enabled": false,
                "prefix": ""
              }
            ],
            "arn": "arn:aws:elasticloadbalancing:ap-south-1:638987496525:loadbalancer/app/espm-web-lb/8ca146e98a7ad6d7",
            "arn_suffix": "app/espm-web-lb/8ca146e98a7ad6d7",
            "dns_name": "espm-web-lb-1183125792.ap-south-1.elb.amazonaws.com",
            "enable_cross_zone_load_balancing": null,
            "enable_deletion_protection": false,
            "enable_http2": true,
            "id": "arn:aws:elasticloadbalancing:ap-south-1:638987496525:loadbalancer/app/espm-web-lb/8ca146e98a7ad6d7",
            "idle_timeout": 60,
            "internal": false,
            "ip_address_type": "ipv4",
            "load_balancer_type": "application",
            "name": "espm-web-lb",
            "name_prefix": null,
            "security_groups": [
              "sg-0a0cbd489b4a3ee2c"
            ],
            "subnet_mapping": [
              {
                "allocation_id": "",
                "subnet_id": "subnet-08bd74ff4df0b9e67"
              },
              {
                "allocation_id": "",
                "subnet_id": "subnet-0f20de6bd03b44c2e"
              }
            ],
            "subnets": [
              "subnet-08bd74ff4df0b9e67",
              "subnet-0f20de6bd03b44c2e"
            ],
            "tags": {
              "Name": "EXTERNAL-ALB"
            },
            "timeouts": null,
            "vpc_id": "vpc-079ea5eb0ddf703ad",
            "zone_id": "ZP97RAFLXTNZK"
          },
          "private": "eyJlMmJmYjczMC1lY2FhLTExZTYtOGY4OC0zNDM2M2JjN2M0YzAiOnsiY3JlYXRlIjo2MDAwMDAwMDAwMDAsImRlbGV0ZSI6NjAwMDAwMDAwMDAwLCJ1cGRhdGUiOjYwMDAwMDAwMDAwMH19",
          "dependencies": [
            "aws_internet_gateway.espm_IG",
            "aws_security_group.espm_sg_web_lb",
            "aws_subnet.espm_pub_subnet",
            "aws_vpc.espm_vpc"
          ]
        }
      ]
    },
    {
      "mode": "managed",
      "type": "aws_lb_listener",
      "name": "backed_end",
      "provider": "provider.aws",
      "instances": [
        {
          "schema_version": 0,
          "attributes": {
            "arn": "arn:aws:elasticloadbalancing:ap-south-1:638987496525:listener/app/espm-app-lb/667596d39e1822a5/9aab695428cdcfbd",
            "certificate_arn": null,
            "default_action": [
              {
                "authenticate_cognito": [],
                "authenticate_oidc": [],
                "fixed_response": [],
                "order": 1,
                "redirect": [],
                "target_group_arn": "arn:aws:elasticloadbalancing:ap-south-1:638987496525:targetgroup/espm-backend-alb-tg/66771ae9f3a8f8c2",
                "type": "forward"
              }
            ],
            "id": "arn:aws:elasticloadbalancing:ap-south-1:638987496525:listener/app/espm-app-lb/667596d39e1822a5/9aab695428cdcfbd",
            "load_balancer_arn": "arn:aws:elasticloadbalancing:ap-south-1:638987496525:loadbalancer/app/espm-app-lb/667596d39e1822a5",
            "port": 80,
            "protocol": "HTTP",
            "ssl_policy": "",
            "timeouts": null
          },
          "private": "eyJlMmJmYjczMC1lY2FhLTExZTYtOGY4OC0zNDM2M2JjN2M0YzAiOnsicmVhZCI6NjAwMDAwMDAwMDAwfX0=",
          "dependencies": [
            "aws_alb_target_group.espm_backend_alb_tg",
            "aws_internet_gateway.espm_IG",
            "aws_lb.espm_app_backend_lb",
            "aws_security_group.espm_sg_backend_lb",
            "aws_security_group.espm_sg_web_lb",
            "aws_subnet.espm_pri_subnet",
            "aws_vpc.espm_vpc"
          ]
        }
      ]
    },
    {
      "mode": "managed",
      "type": "aws_lb_listener",
      "name": "front_end",
      "provider": "provider.aws",
      "instances": [
        {
          "schema_version": 0,
          "attributes": {
            "arn": "arn:aws:elasticloadbalancing:ap-south-1:638987496525:listener/app/espm-web-lb/8ca146e98a7ad6d7/4d9307ef54375fc3",
            "certificate_arn": null,
            "default_action": [
              {
                "authenticate_cognito": [],
                "authenticate_oidc": [],
                "fixed_response": [],
                "order": 1,
                "redirect": [],
                "target_group_arn": "arn:aws:elasticloadbalancing:ap-south-1:638987496525:targetgroup/espm-web-alb-tg/9096baad810d5b96",
                "type": "forward"
              }
            ],
            "id": "arn:aws:elasticloadbalancing:ap-south-1:638987496525:listener/app/espm-web-lb/8ca146e98a7ad6d7/4d9307ef54375fc3",
            "load_balancer_arn": "arn:aws:elasticloadbalancing:ap-south-1:638987496525:loadbalancer/app/espm-web-lb/8ca146e98a7ad6d7",
            "port": 80,
            "protocol": "HTTP",
            "ssl_policy": "",
            "timeouts": null
          },
          "private": "eyJlMmJmYjczMC1lY2FhLTExZTYtOGY4OC0zNDM2M2JjN2M0YzAiOnsicmVhZCI6NjAwMDAwMDAwMDAwfX0=",
          "dependencies": [
            "aws_alb_target_group.espm_web_alb_tg",
            "aws_internet_gateway.espm_IG",
            "aws_lb.espm_web_lb",
            "aws_security_group.espm_sg_web_lb",
            "aws_subnet.espm_pub_subnet",
            "aws_vpc.espm_vpc"
          ]
        }
      ]
    },
    {
      "mode": "managed",
      "type": "aws_nat_gateway",
      "name": "espm_nat_gw",
      "provider": "provider.aws",
      "instances": [
        {
          "schema_version": 0,
          "attributes": {
            "allocation_id": "eipalloc-057c616cb1e733220",
            "id": "nat-080c4ac7485bebe38",
            "network_interface_id": "eni-0d9898161da3f761e",
            "private_ip": "10.0.2.131",
            "public_ip": "15.206.162.184",
            "subnet_id": "subnet-0f20de6bd03b44c2e",
            "tags": {}
          },
          "private": "bnVsbA==",
          "dependencies": [
            "aws_eip.espm_eip_nat",
            "aws_subnet.espm_pub_subnet",
            "aws_vpc.espm_vpc"
          ]
        }
      ]
    },
    {
      "mode": "managed",
      "type": "aws_route_table",
      "name": "espm_pri_route_table",
      "provider": "provider.aws",
      "instances": [
        {
          "schema_version": 0,
          "attributes": {
            "id": "rtb-00cedeca56c9b9f4a",
            "owner_id": "638987496525",
            "propagating_vgws": [],
            "route": [
              {
                "cidr_block": "0.0.0.0/0",
                "egress_only_gateway_id": "",
                "gateway_id": "",
                "instance_id": "",
                "ipv6_cidr_block": "",
                "nat_gateway_id": "nat-080c4ac7485bebe38",
                "network_interface_id": "",
                "transit_gateway_id": "",
                "vpc_peering_connection_id": ""
              }
            ],
            "tags": {
              "Name": "espm_pri_route_table"
            },
            "vpc_id": "vpc-079ea5eb0ddf703ad"
          },
          "private": "bnVsbA==",
          "dependencies": [
            "aws_eip.espm_eip_nat",
            "aws_nat_gateway.espm_nat_gw",
            "aws_subnet.espm_pub_subnet",
            "aws_vpc.espm_vpc"
          ]
        }
      ]
    },
    {
      "mode": "managed",
      "type": "aws_route_table",
      "name": "espm_pub_route_table",
      "provider": "provider.aws",
      "instances": [
        {
          "schema_version": 0,
          "attributes": {
            "id": "rtb-011bf55e58a83dc32",
            "owner_id": "638987496525",
            "propagating_vgws": [],
            "route": [
              {
                "cidr_block": "0.0.0.0/0",
                "egress_only_gateway_id": "",
                "gateway_id": "igw-0e107039b1f531ede",
                "instance_id": "",
                "ipv6_cidr_block": "",
                "nat_gateway_id": "",
                "network_interface_id": "",
                "transit_gateway_id": "",
                "vpc_peering_connection_id": ""
              }
            ],
            "tags": {
              "Name": "espm_pub_route_table"
            },
            "vpc_id": "vpc-079ea5eb0ddf703ad"
          },
          "private": "bnVsbA==",
          "dependencies": [
            "aws_internet_gateway.espm_IG",
            "aws_vpc.espm_vpc"
          ]
        }
      ]
    },
    {
      "mode": "managed",
      "type": "aws_route_table_association",
      "name": "espm_pri_route_associate",
      "each": "list",
      "provider": "provider.aws",
      "instances": [
        {
          "index_key": 0,
          "schema_version": 0,
          "attributes": {
            "gateway_id": null,
            "id": "rtbassoc-022df1761512bd1fb",
            "route_table_id": "rtb-00cedeca56c9b9f4a",
            "subnet_id": "subnet-076b682d39d8d0787"
          },
          "private": "bnVsbA==",
          "dependencies": [
            "aws_eip.espm_eip_nat",
            "aws_nat_gateway.espm_nat_gw",
            "aws_route_table.espm_pri_route_table",
            "aws_subnet.espm_pri_subnet",
            "aws_subnet.espm_pub_subnet",
            "aws_vpc.espm_vpc"
          ]
        },
        {
          "index_key": 1,
          "schema_version": 0,
          "attributes": {
            "gateway_id": null,
            "id": "rtbassoc-037fa49e1ea55219a",
            "route_table_id": "rtb-00cedeca56c9b9f4a",
            "subnet_id": "subnet-04648e0e8a9dacb34"
          },
          "private": "bnVsbA==",
          "dependencies": [
            "aws_eip.espm_eip_nat",
            "aws_nat_gateway.espm_nat_gw",
            "aws_route_table.espm_pri_route_table",
            "aws_subnet.espm_pri_subnet",
            "aws_subnet.espm_pub_subnet",
            "aws_vpc.espm_vpc"
          ]
        }
      ]
    },
    {
      "mode": "managed",
      "type": "aws_route_table_association",
      "name": "espm_pub_route_associate",
      "each": "list",
      "provider": "provider.aws",
      "instances": [
        {
          "index_key": 0,
          "schema_version": 0,
          "attributes": {
            "gateway_id": null,
            "id": "rtbassoc-0871f42c6dd539fd2",
            "route_table_id": "rtb-011bf55e58a83dc32",
            "subnet_id": "subnet-08bd74ff4df0b9e67"
          },
          "private": "bnVsbA==",
          "dependencies": [
            "aws_internet_gateway.espm_IG",
            "aws_route_table.espm_pub_route_table",
            "aws_subnet.espm_pub_subnet",
            "aws_vpc.espm_vpc"
          ]
        },
        {
          "index_key": 1,
          "schema_version": 0,
          "attributes": {
            "gateway_id": null,
            "id": "rtbassoc-057963bfc11341151",
            "route_table_id": "rtb-011bf55e58a83dc32",
            "subnet_id": "subnet-0f20de6bd03b44c2e"
          },
          "private": "bnVsbA==",
          "dependencies": [
            "aws_internet_gateway.espm_IG",
            "aws_route_table.espm_pub_route_table",
            "aws_subnet.espm_pub_subnet",
            "aws_vpc.espm_vpc"
          ]
        }
      ]
    },
    {
      "mode": "managed",
      "type": "aws_security_group",
      "name": "bastion-sg",
      "provider": "provider.aws",
      "instances": [
        {
          "schema_version": 1,
          "attributes": {
            "arn": "arn:aws:ec2:ap-south-1:638987496525:security-group/sg-018817fd27921dd57",
            "description": "Managed by Terraform",
            "egress": [
              {
                "cidr_blocks": [
                  "0.0.0.0/0"
                ],
                "description": "",
                "from_port": 0,
                "ipv6_cidr_blocks": [],
                "prefix_list_ids": [],
                "protocol": "-1",
                "security_groups": [],
                "self": false,
                "to_port": 0
              }
            ],
            "id": "sg-018817fd27921dd57",
            "ingress": [
              {
                "cidr_blocks": [
                  "0.0.0.0/0"
                ],
                "description": "",
                "from_port": 22,
                "ipv6_cidr_blocks": [],
                "prefix_list_ids": [],
                "protocol": "tcp",
                "security_groups": [],
                "self": false,
                "to_port": 22
              }
            ],
            "name": "bastion-security-group",
            "name_prefix": null,
            "owner_id": "638987496525",
            "revoke_rules_on_delete": false,
            "tags": {},
            "timeouts": null,
            "vpc_id": "vpc-079ea5eb0ddf703ad"
          },
          "private": "eyJlMmJmYjczMC1lY2FhLTExZTYtOGY4OC0zNDM2M2JjN2M0YzAiOnsiY3JlYXRlIjo2MDAwMDAwMDAwMDAsImRlbGV0ZSI6NjAwMDAwMDAwMDAwfSwic2NoZW1hX3ZlcnNpb24iOiIxIn0=",
          "dependencies": [
            "aws_vpc.espm_vpc"
          ]
        }
      ]
    },
    {
      "mode": "managed",
      "type": "aws_security_group",
      "name": "espm_backend_asg_config_sg",
      "provider": "provider.aws",
      "instances": [
        {
          "schema_version": 1,
          "attributes": {
            "arn": "arn:aws:ec2:ap-south-1:638987496525:security-group/sg-0cdd2e4f4c98a630c",
            "description": "Managed by Terraform",
            "egress": [
              {
                "cidr_blocks": [
                  "0.0.0.0/0"
                ],
                "description": "",
                "from_port": 0,
                "ipv6_cidr_blocks": [],
                "prefix_list_ids": [],
                "protocol": "-1",
                "security_groups": [],
                "self": false,
                "to_port": 0
              }
            ],
            "id": "sg-0cdd2e4f4c98a630c",
            "ingress": [
              {
                "cidr_blocks": [],
                "description": "",
                "from_port": 22,
                "ipv6_cidr_blocks": [],
                "prefix_list_ids": [],
                "protocol": "tcp",
                "security_groups": [
                  "sg-018817fd27921dd57"
                ],
                "self": false,
                "to_port": 22
              },
              {
                "cidr_blocks": [],
                "description": "",
                "from_port": 80,
                "ipv6_cidr_blocks": [],
                "prefix_list_ids": [],
                "protocol": "tcp",
                "security_groups": [
                  "sg-0167ba0dcc0311233"
                ],
                "self": false,
                "to_port": 80
              }
            ],
            "name": "espm_backend_asg_config_sg",
            "name_prefix": null,
            "owner_id": "638987496525",
            "revoke_rules_on_delete": false,
            "tags": {},
            "timeouts": null,
            "vpc_id": "vpc-079ea5eb0ddf703ad"
          },
          "private": "eyJlMmJmYjczMC1lY2FhLTExZTYtOGY4OC0zNDM2M2JjN2M0YzAiOnsiY3JlYXRlIjo2MDAwMDAwMDAwMDAsImRlbGV0ZSI6NjAwMDAwMDAwMDAwfSwic2NoZW1hX3ZlcnNpb24iOiIxIn0=",
          "dependencies": [
            "aws_security_group.bastion-sg",
            "aws_security_group.espm_sg_backend_lb",
            "aws_vpc.espm_vpc"
          ]
        }
      ]
    },
    {
      "mode": "managed",
      "type": "aws_security_group",
      "name": "espm_fronted_asg_config_sg",
      "provider": "provider.aws",
      "instances": [
        {
          "schema_version": 1,
          "attributes": {
            "arn": "arn:aws:ec2:ap-south-1:638987496525:security-group/sg-07acbacf0a070ca1c",
            "description": "Managed by Terraform",
            "egress": [
              {
                "cidr_blocks": [
                  "0.0.0.0/0"
                ],
                "description": "",
                "from_port": 0,
                "ipv6_cidr_blocks": [],
                "prefix_list_ids": [],
                "protocol": "-1",
                "security_groups": [],
                "self": false,
                "to_port": 0
              }
            ],
            "id": "sg-07acbacf0a070ca1c",
            "ingress": [
              {
                "cidr_blocks": [],
                "description": "",
                "from_port": 22,
                "ipv6_cidr_blocks": [],
                "prefix_list_ids": [],
                "protocol": "tcp",
                "security_groups": [
                  "sg-018817fd27921dd57"
                ],
                "self": false,
                "to_port": 22
              },
              {
                "cidr_blocks": [],
                "description": "",
                "from_port": 80,
                "ipv6_cidr_blocks": [],
                "prefix_list_ids": [],
                "protocol": "tcp",
                "security_groups": [
                  "sg-0a0cbd489b4a3ee2c"
                ],
                "self": false,
                "to_port": 80
              }
            ],
            "name": "espm_fronted_asg_config_sg",
            "name_prefix": null,
            "owner_id": "638987496525",
            "revoke_rules_on_delete": false,
            "tags": {},
            "timeouts": null,
            "vpc_id": "vpc-079ea5eb0ddf703ad"
          },
          "private": "eyJlMmJmYjczMC1lY2FhLTExZTYtOGY4OC0zNDM2M2JjN2M0YzAiOnsiY3JlYXRlIjo2MDAwMDAwMDAwMDAsImRlbGV0ZSI6NjAwMDAwMDAwMDAwfSwic2NoZW1hX3ZlcnNpb24iOiIxIn0=",
          "dependencies": [
            "aws_security_group.bastion-sg",
            "aws_security_group.espm_sg_web_lb",
            "aws_vpc.espm_vpc"
          ]
        }
      ]
    },
    {
      "mode": "managed",
      "type": "aws_security_group",
      "name": "espm_sg_backend_lb",
      "provider": "provider.aws",
      "instances": [
        {
          "schema_version": 1,
          "attributes": {
            "arn": "arn:aws:ec2:ap-south-1:638987496525:security-group/sg-0167ba0dcc0311233",
            "description": "Managed by Terraform",
            "egress": [],
            "id": "sg-0167ba0dcc0311233",
            "ingress": [
              {
                "cidr_blocks": [],
                "description": "",
                "from_port": 80,
                "ipv6_cidr_blocks": [],
                "prefix_list_ids": [],
                "protocol": "tcp",
                "security_groups": [
                  "sg-0a0cbd489b4a3ee2c"
                ],
                "self": false,
                "to_port": 80
              }
            ],
            "name": "espm_sg_backend_lb",
            "name_prefix": null,
            "owner_id": "638987496525",
            "revoke_rules_on_delete": false,
            "tags": {},
            "timeouts": null,
            "vpc_id": "vpc-079ea5eb0ddf703ad"
          },
          "private": "eyJlMmJmYjczMC1lY2FhLTExZTYtOGY4OC0zNDM2M2JjN2M0YzAiOnsiY3JlYXRlIjo2MDAwMDAwMDAwMDAsImRlbGV0ZSI6NjAwMDAwMDAwMDAwfSwic2NoZW1hX3ZlcnNpb24iOiIxIn0=",
          "dependencies": [
            "aws_internet_gateway.espm_IG",
            "aws_security_group.espm_sg_web_lb",
            "aws_vpc.espm_vpc"
          ]
        }
      ]
    },
    {
      "mode": "managed",
      "type": "aws_security_group",
      "name": "espm_sg_web_lb",
      "provider": "provider.aws",
      "instances": [
        {
          "schema_version": 1,
          "attributes": {
            "arn": "arn:aws:ec2:ap-south-1:638987496525:security-group/sg-0a0cbd489b4a3ee2c",
            "description": "Managed by Terraform",
            "egress": [],
            "id": "sg-0a0cbd489b4a3ee2c",
            "ingress": [
              {
                "cidr_blocks": [
                  "0.0.0.0/0"
                ],
                "description": "",
                "from_port": 80,
                "ipv6_cidr_blocks": [],
                "prefix_list_ids": [],
                "protocol": "tcp",
                "security_groups": [],
                "self": false,
                "to_port": 80
              }
            ],
            "name": "espm_sg_web_lb",
            "name_prefix": null,
            "owner_id": "638987496525",
            "revoke_rules_on_delete": false,
            "tags": {},
            "timeouts": null,
            "vpc_id": "vpc-079ea5eb0ddf703ad"
          },
          "private": "eyJlMmJmYjczMC1lY2FhLTExZTYtOGY4OC0zNDM2M2JjN2M0YzAiOnsiY3JlYXRlIjo2MDAwMDAwMDAwMDAsImRlbGV0ZSI6NjAwMDAwMDAwMDAwfSwic2NoZW1hX3ZlcnNpb24iOiIxIn0=",
          "dependencies": [
            "aws_internet_gateway.espm_IG",
            "aws_vpc.espm_vpc"
          ]
        }
      ]
    },
    {
      "mode": "managed",
      "type": "aws_subnet",
      "name": "espm_pri_subnet",
      "each": "list",
      "provider": "provider.aws",
      "instances": [
        {
          "index_key": 0,
          "schema_version": 1,
          "attributes": {
            "arn": "arn:aws:ec2:ap-south-1:638987496525:subnet/subnet-076b682d39d8d0787",
            "assign_ipv6_address_on_creation": false,
            "availability_zone": "ap-south-1a",
            "availability_zone_id": "aps1-az1",
            "cidr_block": "10.0.3.0/24",
            "id": "subnet-076b682d39d8d0787",
            "ipv6_cidr_block": "",
            "ipv6_cidr_block_association_id": "",
            "map_public_ip_on_launch": false,
            "owner_id": "638987496525",
            "tags": {
              "Name": "espm_pri_subnet_0"
            },
            "timeouts": null,
            "vpc_id": "vpc-079ea5eb0ddf703ad"
          },
          "private": "eyJlMmJmYjczMC1lY2FhLTExZTYtOGY4OC0zNDM2M2JjN2M0YzAiOnsiY3JlYXRlIjo2MDAwMDAwMDAwMDAsImRlbGV0ZSI6MTIwMDAwMDAwMDAwMH0sInNjaGVtYV92ZXJzaW9uIjoiMSJ9",
          "dependencies": [
            "aws_vpc.espm_vpc"
          ]
        },
        {
          "index_key": 1,
          "schema_version": 1,
          "attributes": {
            "arn": "arn:aws:ec2:ap-south-1:638987496525:subnet/subnet-04648e0e8a9dacb34",
            "assign_ipv6_address_on_creation": false,
            "availability_zone": "ap-south-1b",
            "availability_zone_id": "aps1-az3",
            "cidr_block": "10.0.4.0/24",
            "id": "subnet-04648e0e8a9dacb34",
            "ipv6_cidr_block": "",
            "ipv6_cidr_block_association_id": "",
            "map_public_ip_on_launch": false,
            "owner_id": "638987496525",
            "tags": {
              "Name": "espm_pri_subnet_1"
            },
            "timeouts": null,
            "vpc_id": "vpc-079ea5eb0ddf703ad"
          },
          "private": "eyJlMmJmYjczMC1lY2FhLTExZTYtOGY4OC0zNDM2M2JjN2M0YzAiOnsiY3JlYXRlIjo2MDAwMDAwMDAwMDAsImRlbGV0ZSI6MTIwMDAwMDAwMDAwMH0sInNjaGVtYV92ZXJzaW9uIjoiMSJ9",
          "dependencies": [
            "aws_vpc.espm_vpc"
          ]
        }
      ]
    },
    {
      "mode": "managed",
      "type": "aws_subnet",
      "name": "espm_pub_subnet",
      "each": "list",
      "provider": "provider.aws",
      "instances": [
        {
          "index_key": 0,
          "schema_version": 1,
          "attributes": {
            "arn": "arn:aws:ec2:ap-south-1:638987496525:subnet/subnet-08bd74ff4df0b9e67",
            "assign_ipv6_address_on_creation": false,
            "availability_zone": "ap-south-1a",
            "availability_zone_id": "aps1-az1",
            "cidr_block": "10.0.1.0/24",
            "id": "subnet-08bd74ff4df0b9e67",
            "ipv6_cidr_block": "",
            "ipv6_cidr_block_association_id": "",
            "map_public_ip_on_launch": true,
            "owner_id": "638987496525",
            "tags": {
              "Name": "espm_pub_subnet_0"
            },
            "timeouts": null,
            "vpc_id": "vpc-079ea5eb0ddf703ad"
          },
          "private": "eyJlMmJmYjczMC1lY2FhLTExZTYtOGY4OC0zNDM2M2JjN2M0YzAiOnsiY3JlYXRlIjo2MDAwMDAwMDAwMDAsImRlbGV0ZSI6MTIwMDAwMDAwMDAwMH0sInNjaGVtYV92ZXJzaW9uIjoiMSJ9",
          "dependencies": [
            "aws_vpc.espm_vpc"
          ]
        },
        {
          "index_key": 1,
          "schema_version": 1,
          "attributes": {
            "arn": "arn:aws:ec2:ap-south-1:638987496525:subnet/subnet-0f20de6bd03b44c2e",
            "assign_ipv6_address_on_creation": false,
            "availability_zone": "ap-south-1b",
            "availability_zone_id": "aps1-az3",
            "cidr_block": "10.0.2.0/24",
            "id": "subnet-0f20de6bd03b44c2e",
            "ipv6_cidr_block": "",
            "ipv6_cidr_block_association_id": "",
            "map_public_ip_on_launch": true,
            "owner_id": "638987496525",
            "tags": {
              "Name": "espm_pub_subnet_1"
            },
            "timeouts": null,
            "vpc_id": "vpc-079ea5eb0ddf703ad"
          },
          "private": "eyJlMmJmYjczMC1lY2FhLTExZTYtOGY4OC0zNDM2M2JjN2M0YzAiOnsiY3JlYXRlIjo2MDAwMDAwMDAwMDAsImRlbGV0ZSI6MTIwMDAwMDAwMDAwMH0sInNjaGVtYV92ZXJzaW9uIjoiMSJ9",
          "dependencies": [
            "aws_vpc.espm_vpc"
          ]
        }
      ]
    },
    {
      "mode": "managed",
      "type": "aws_vpc",
      "name": "espm_vpc",
      "provider": "provider.aws",
      "instances": [
        {
          "schema_version": 1,
          "attributes": {
            "arn": "arn:aws:ec2:ap-south-1:638987496525:vpc/vpc-079ea5eb0ddf703ad",
            "assign_generated_ipv6_cidr_block": false,
            "cidr_block": "10.0.0.0/16",
            "default_network_acl_id": "acl-006140bec742e7caa",
            "default_route_table_id": "rtb-09e390e2f890a7851",
            "default_security_group_id": "sg-0d618a9b87bd4a001",
            "dhcp_options_id": "dopt-a640aacd",
            "enable_classiclink": null,
            "enable_classiclink_dns_support": null,
            "enable_dns_hostnames": true,
            "enable_dns_support": true,
            "id": "vpc-079ea5eb0ddf703ad",
            "instance_tenancy": "default",
            "ipv6_association_id": "",
            "ipv6_cidr_block": "",
            "main_route_table_id": "rtb-09e390e2f890a7851",
            "owner_id": "638987496525",
            "tags": {
              "Name": "espm_vpc"
            }
          },
          "private": "eyJzY2hlbWFfdmVyc2lvbiI6IjEifQ=="
        }
      ]
    }
  ]
}
