{
  "version": 4,
  "terraform_version": "0.12.20",
  "serial": 56,
  "lineage": "77ebb6f0-5536-8cea-05fd-e1f4a024d14c",
  "outputs": {},
  "resources": [
    {
      "mode": "data",
      "type": "aws_ami",
      "name": "ubuntu",
      "provider": "provider.aws",
      "instances": [
        {
          "schema_version": 0,
          "attributes": {
            "architecture": "x86_64",
            "block_device_mappings": [
              {
                "device_name": "/dev/sda1",
                "ebs": {
                  "delete_on_termination": "true",
                  "encrypted": "false",
                  "iops": "0",
                  "snapshot_id": "snap-0b7caaa8c0782d6a9",
                  "volume_size": "8",
                  "volume_type": "gp2"
                },
                "no_device": "",
                "virtual_name": ""
              },
              {
                "device_name": "/dev/sdb",
                "ebs": {},
                "no_device": "",
                "virtual_name": "ephemeral0"
              },
              {
                "device_name": "/dev/sdc",
                "ebs": {},
                "no_device": "",
                "virtual_name": "ephemeral1"
              }
            ],
            "creation_date": "2019-11-11T18:31:21.000Z",
            "description": "Canonical, Ubuntu, 14.04 LTS, amd64 trusty image build on 2019-11-07",
            "executable_users": null,
            "filter": [
              {
                "name": "name",
                "values": [
                  "ubuntu/images/hvm-ssd/ubuntu-trusty-14.04-amd64-server-*"
                ]
              },
              {
                "name": "virtualization-type",
                "values": [
                  "hvm"
                ]
              }
            ],
            "hypervisor": "xen",
            "id": "ami-0460ce78b2cf43489",
            "image_id": "ami-0460ce78b2cf43489",
            "image_location": "099720109477/ubuntu/images/hvm-ssd/ubuntu-trusty-14.04-amd64-server-20191107",
            "image_owner_alias": null,
            "image_type": "machine",
            "kernel_id": null,
            "most_recent": true,
            "name": "ubuntu/images/hvm-ssd/ubuntu-trusty-14.04-amd64-server-20191107",
            "name_regex": null,
            "owner_id": "099720109477",
            "owners": [
              "099720109477"
            ],
            "platform": null,
            "product_codes": [],
            "public": true,
            "ramdisk_id": null,
            "root_device_name": "/dev/sda1",
            "root_device_type": "ebs",
            "root_snapshot_id": "snap-0b7caaa8c0782d6a9",
            "sriov_net_support": "simple",
            "state": "available",
            "state_reason": {
              "code": "UNSET",
              "message": "UNSET"
            },
            "tags": {},
            "virtualization_type": "hvm"
          }
        }
      ]
    },
    {
      "mode": "managed",
      "type": "aws_alb_target_group",
      "name": "espm_alb_tg",
      "provider": "provider.aws",
      "instances": [
        {
          "schema_version": 0,
          "attributes": {
            "arn": "arn:aws:elasticloadbalancing:ap-south-1:638987496525:targetgroup/espm-backend-alb-tg/0bb4148bf98b74e3",
            "arn_suffix": "targetgroup/espm-backend-alb-tg/0bb4148bf98b74e3",
            "deregistration_delay": 300,
            "health_check": [
              {
                "enabled": true,
                "healthy_threshold": 5,
                "interval": 30,
                "matcher": "200",
                "path": "/",
                "port": "traffic-port",
                "protocol": "HTTP",
                "timeout": 5,
                "unhealthy_threshold": 2
              }
            ],
            "id": "arn:aws:elasticloadbalancing:ap-south-1:638987496525:targetgroup/espm-backend-alb-tg/0bb4148bf98b74e3",
            "lambda_multi_value_headers_enabled": false,
            "name": "espm-backend-alb-tg",
            "name_prefix": null,
            "port": 80,
            "protocol": "HTTP",
            "proxy_protocol_v2": false,
            "slow_start": 0,
            "stickiness": [
              {
                "cookie_duration": 86400,
                "enabled": false,
                "type": "lb_cookie"
              }
            ],
            "tags": {},
            "target_type": "instance",
            "vpc_id": "vpc-08c593dd1f560b338"
          },
          "private": "bnVsbA==",
          "dependencies": [
            "aws_vpc.espm_vpc"
          ]
        }
      ]
    },
    {
      "mode": "managed",
      "type": "aws_alb_target_group",
      "name": "espm_web_alb_tg",
      "provider": "provider.aws",
      "instances": [
        {
          "schema_version": 0,
          "attributes": {
            "arn": "arn:aws:elasticloadbalancing:ap-south-1:638987496525:targetgroup/espm-web-alb-tg/6b6277900b227f33",
            "arn_suffix": "targetgroup/espm-web-alb-tg/6b6277900b227f33",
            "deregistration_delay": 300,
            "health_check": [
              {
                "enabled": true,
                "healthy_threshold": 5,
                "interval": 30,
                "matcher": "200",
                "path": "/",
                "port": "traffic-port",
                "protocol": "HTTP",
                "timeout": 5,
                "unhealthy_threshold": 2
              }
            ],
            "id": "arn:aws:elasticloadbalancing:ap-south-1:638987496525:targetgroup/espm-web-alb-tg/6b6277900b227f33",
            "lambda_multi_value_headers_enabled": false,
            "name": "espm-web-alb-tg",
            "name_prefix": null,
            "port": 80,
            "protocol": "HTTP",
            "proxy_protocol_v2": false,
            "slow_start": 0,
            "stickiness": [
              {
                "cookie_duration": 86400,
                "enabled": false,
                "type": "lb_cookie"
              }
            ],
            "tags": {},
            "target_type": "instance",
            "vpc_id": "vpc-08c593dd1f560b338"
          },
          "private": "bnVsbA==",
          "dependencies": [
            "aws_vpc.espm_vpc"
          ]
        }
      ]
    },
    {
      "mode": "managed",
      "type": "aws_autoscaling_attachment",
      "name": "espm_asg_attachment",
      "provider": "provider.aws",
      "instances": [
        {
          "schema_version": 0,
          "attributes": {
            "alb_target_group_arn": "arn:aws:elasticloadbalancing:ap-south-1:638987496525:targetgroup/espm-web-alb-tg/6b6277900b227f33",
            "autoscaling_group_name": "web_config-asg",
            "elb": null,
            "id": "web_config-asg-20200204173148957600000001"
          },
          "private": "bnVsbA==",
          "dependencies": [
            "aws_alb_target_group.espm_web_alb_tg",
            "aws_autoscaling_group.espm_web_asg",
            "aws_launch_configuration.espm_web_config",
            "aws_security_group.espm_asg_config_sg",
            "aws_subnet.espm_pub_subnet"
          ]
        }
      ]
    },
    {
      "mode": "managed",
      "type": "aws_autoscaling_group",
      "name": "espm_web_asg",
      "provider": "provider.aws",
      "instances": [
        {
          "schema_version": 0,
          "attributes": {
            "arn": "arn:aws:autoscaling:ap-south-1:638987496525:autoScalingGroup:9edf5cf6-7717-4476-9fd1-625897209228:autoScalingGroupName/web_config-asg",
            "availability_zones": [
              "ap-south-1a",
              "ap-south-1b"
            ],
            "default_cooldown": 300,
            "desired_capacity": 2,
            "enabled_metrics": [],
            "force_delete": false,
            "health_check_grace_period": 300,
            "health_check_type": "EC2",
            "id": "web_config-asg",
            "initial_lifecycle_hook": [],
            "launch_configuration": "web_config",
            "launch_template": [],
            "load_balancers": [],
            "max_instance_lifetime": 0,
            "max_size": 4,
            "metrics_granularity": "1Minute",
            "min_elb_capacity": null,
            "min_size": 2,
            "mixed_instances_policy": [],
            "name": "web_config-asg",
            "name_prefix": null,
            "placement_group": "",
            "protect_from_scale_in": false,
            "service_linked_role_arn": "arn:aws:iam::638987496525:role/aws-service-role/autoscaling.amazonaws.com/AWSServiceRoleForAutoScaling",
            "suspended_processes": [],
            "tag": [],
            "tags": null,
            "target_group_arns": [
              "arn:aws:elasticloadbalancing:ap-south-1:638987496525:targetgroup/espm-web-alb-tg/6b6277900b227f33"
            ],
            "termination_policies": [],
            "timeouts": null,
            "vpc_zone_identifier": [
              "subnet-01fd17eec5f54f43a",
              "subnet-022003eb30a4b9bf8"
            ],
            "wait_for_capacity_timeout": "10m",
            "wait_for_elb_capacity": null
          },
          "private": "eyJlMmJmYjczMC1lY2FhLTExZTYtOGY4OC0zNDM2M2JjN2M0YzAiOnsiZGVsZXRlIjo2MDAwMDAwMDAwMDB9fQ==",
          "dependencies": [
            "aws_launch_configuration.espm_web_config",
            "aws_subnet.espm_pri_subnet"
          ]
        }
      ]
    },
    {
      "mode": "managed",
      "type": "aws_autoscaling_policy",
      "name": "bat",
      "provider": "provider.aws",
      "instances": [
        {
          "schema_version": 0,
          "attributes": {
            "adjustment_type": "ChangeInCapacity",
            "arn": "arn:aws:autoscaling:ap-south-1:638987496525:scalingPolicy:879c9c97-0631-4241-990b-894e6030a1fb:autoScalingGroupName/web_config-asg:policyName/espm-web-autoscaling-policy",
            "autoscaling_group_name": "web_config-asg",
            "cooldown": 300,
            "estimated_instance_warmup": 0,
            "id": "espm-web-autoscaling-policy",
            "metric_aggregation_type": "",
            "min_adjustment_magnitude": null,
            "min_adjustment_step": null,
            "name": "espm-web-autoscaling-policy",
            "policy_type": "SimpleScaling",
            "scaling_adjustment": 1,
            "step_adjustment": [],
            "target_tracking_configuration": []
          },
          "private": "bnVsbA==",
          "dependencies": [
            "aws_autoscaling_group.espm_web_asg",
            "aws_launch_configuration.espm_web_config",
            "aws_security_group.espm_asg_config_sg",
            "aws_subnet.espm_pub_subnet"
          ]
        }
      ]
    },
    {
      "mode": "managed",
      "type": "aws_eip",
      "name": "espm_eip_nat",
      "provider": "provider.aws",
      "instances": [
        {
          "schema_version": 0,
          "attributes": {
            "allocation_id": null,
            "associate_with_private_ip": null,
            "association_id": "eipassoc-3f1ac8e5",
            "domain": "vpc",
            "id": "eipalloc-024e5018eefa373a5",
            "instance": "",
            "network_interface": "eni-08831b653626417ad",
            "private_dns": "ip-10-0-4-109.ap-south-1.compute.internal",
            "private_ip": "10.0.4.109",
            "public_dns": "ec2-13-127-71-188.ap-south-1.compute.amazonaws.com",
            "public_ip": "13.127.71.188",
            "public_ipv4_pool": "amazon",
            "tags": {},
            "timeouts": null,
            "vpc": true
          },
          "private": "eyJlMmJmYjczMC1lY2FhLTExZTYtOGY4OC0zNDM2M2JjN2M0YzAiOnsiZGVsZXRlIjoxODAwMDAwMDAwMDAsInJlYWQiOjkwMDAwMDAwMDAwMCwidXBkYXRlIjozMDAwMDAwMDAwMDB9fQ=="
        }
      ]
    },
    {
      "mode": "managed",
      "type": "aws_internet_gateway",
      "name": "espm_IG",
      "provider": "provider.aws",
      "instances": [
        {
          "schema_version": 0,
          "attributes": {
            "id": "igw-045036960dcc1a88e",
            "owner_id": "638987496525",
            "tags": {
              "Name": "espm_IG"
            },
            "vpc_id": "vpc-08c593dd1f560b338"
          },
          "private": "bnVsbA==",
          "dependencies": [
            "aws_vpc.espm_vpc"
          ]
        }
      ]
    },
    {
      "mode": "managed",
      "type": "aws_launch_configuration",
      "name": "espm_web_config",
      "provider": "provider.aws",
      "instances": [
        {
          "schema_version": 0,
          "attributes": {
            "arn": "arn:aws:autoscaling:ap-south-1:638987496525:launchConfiguration:6047a179-4b0b-4384-935c-2fef021f10f1:launchConfigurationName/web_config",
            "associate_public_ip_address": false,
            "ebs_block_device": [],
            "ebs_optimized": false,
            "enable_monitoring": true,
            "ephemeral_block_device": [],
            "iam_instance_profile": "",
            "id": "web_config",
            "image_id": "ami-0460ce78b2cf43489",
            "instance_type": "t2.micro",
            "key_name": "",
            "name": "web_config",
            "name_prefix": null,
            "placement_tenancy": null,
            "root_block_device": [],
            "security_groups": [
              "sg-0224e5ac49a27f00d"
            ],
            "spot_price": "",
            "user_data": null,
            "user_data_base64": null,
            "vpc_classic_link_id": "",
            "vpc_classic_link_security_groups": []
          },
          "private": "bnVsbA==",
          "dependencies": [
            "aws_security_group.espm_asg_config_sg"
          ]
        }
      ]
    },
    {
      "mode": "managed",
      "type": "aws_lb",
      "name": "espm_app_backend_lb",
      "provider": "provider.aws",
      "instances": [
        {
          "schema_version": 0,
          "attributes": {
            "access_logs": [
              {
                "bucket": "",
                "enabled": false,
                "prefix": ""
              }
            ],
            "arn": "arn:aws:elasticloadbalancing:ap-south-1:638987496525:loadbalancer/app/espm-app-lb/e70a86f110910109",
            "arn_suffix": "app/espm-app-lb/e70a86f110910109",
            "dns_name": "internal-espm-app-lb-119685212.ap-south-1.elb.amazonaws.com",
            "enable_cross_zone_load_balancing": null,
            "enable_deletion_protection": false,
            "enable_http2": true,
            "id": "arn:aws:elasticloadbalancing:ap-south-1:638987496525:loadbalancer/app/espm-app-lb/e70a86f110910109",
            "idle_timeout": 60,
            "internal": true,
            "ip_address_type": "ipv4",
            "load_balancer_type": "application",
            "name": "espm-app-lb",
            "name_prefix": null,
            "security_groups": [
              "sg-0cb22fab7905829a2"
            ],
            "subnet_mapping": [
              {
                "allocation_id": "",
                "subnet_id": "subnet-01fd17eec5f54f43a"
              },
              {
                "allocation_id": "",
                "subnet_id": "subnet-022003eb30a4b9bf8"
              }
            ],
            "subnets": [
              "subnet-01fd17eec5f54f43a",
              "subnet-022003eb30a4b9bf8"
            ],
            "tags": {
              "Name": "INTERNAL-ALB"
            },
            "timeouts": null,
            "vpc_id": "vpc-08c593dd1f560b338",
            "zone_id": "ZP97RAFLXTNZK"
          },
          "private": "eyJlMmJmYjczMC1lY2FhLTExZTYtOGY4OC0zNDM2M2JjN2M0YzAiOnsiY3JlYXRlIjo2MDAwMDAwMDAwMDAsImRlbGV0ZSI6NjAwMDAwMDAwMDAwLCJ1cGRhdGUiOjYwMDAwMDAwMDAwMH19",
          "dependencies": [
            "aws_internet_gateway.espm_IG",
            "aws_security_group.espm_sg_backend_lb",
            "aws_security_group.espm_sg_web_lb",
            "aws_subnet.espm_pri_subnet",
            "aws_vpc.espm_vpc"
          ]
        }
      ]
    },
    {
      "mode": "managed",
      "type": "aws_lb",
      "name": "espm_web_lb",
      "provider": "provider.aws",
      "instances": [
        {
          "schema_version": 0,
          "attributes": {
            "access_logs": [
              {
                "bucket": "",
                "enabled": false,
                "prefix": ""
              }
            ],
            "arn": "arn:aws:elasticloadbalancing:ap-south-1:638987496525:loadbalancer/app/espm-web-lb/cc04b900ad24c55f",
            "arn_suffix": "app/espm-web-lb/cc04b900ad24c55f",
            "dns_name": "espm-web-lb-1350102571.ap-south-1.elb.amazonaws.com",
            "enable_cross_zone_load_balancing": null,
            "enable_deletion_protection": false,
            "enable_http2": true,
            "id": "arn:aws:elasticloadbalancing:ap-south-1:638987496525:loadbalancer/app/espm-web-lb/cc04b900ad24c55f",
            "idle_timeout": 60,
            "internal": false,
            "ip_address_type": "ipv4",
            "load_balancer_type": "application",
            "name": "espm-web-lb",
            "name_prefix": null,
            "security_groups": [
              "sg-08a916f9498a8d200"
            ],
            "subnet_mapping": [
              {
                "allocation_id": "",
                "subnet_id": "subnet-024ff48e64b6cc53d"
              },
              {
                "allocation_id": "",
                "subnet_id": "subnet-0e489f722997ea54f"
              }
            ],
            "subnets": [
              "subnet-024ff48e64b6cc53d",
              "subnet-0e489f722997ea54f"
            ],
            "tags": {
              "Name": "EXTERNAL-ALB"
            },
            "timeouts": null,
            "vpc_id": "vpc-08c593dd1f560b338",
            "zone_id": "ZP97RAFLXTNZK"
          },
          "private": "eyJlMmJmYjczMC1lY2FhLTExZTYtOGY4OC0zNDM2M2JjN2M0YzAiOnsiY3JlYXRlIjo2MDAwMDAwMDAwMDAsImRlbGV0ZSI6NjAwMDAwMDAwMDAwLCJ1cGRhdGUiOjYwMDAwMDAwMDAwMH19",
          "dependencies": [
            "aws_internet_gateway.espm_IG",
            "aws_security_group.espm_sg_web_lb",
            "aws_subnet.espm_pub_subnet",
            "aws_vpc.espm_vpc"
          ]
        }
      ]
    },
    {
      "mode": "managed",
      "type": "aws_lb_listener",
      "name": "backed_end",
      "provider": "provider.aws",
      "instances": [
        {
          "schema_version": 0,
          "attributes": {
            "arn": "arn:aws:elasticloadbalancing:ap-south-1:638987496525:listener/app/espm-app-lb/e70a86f110910109/571eaf802d41ce0c",
            "certificate_arn": null,
            "default_action": [
              {
                "authenticate_cognito": [],
                "authenticate_oidc": [],
                "fixed_response": [],
                "order": 1,
                "redirect": [],
                "target_group_arn": "arn:aws:elasticloadbalancing:ap-south-1:638987496525:targetgroup/espm-backend-alb-tg/0bb4148bf98b74e3",
                "type": "forward"
              }
            ],
            "id": "arn:aws:elasticloadbalancing:ap-south-1:638987496525:listener/app/espm-app-lb/e70a86f110910109/571eaf802d41ce0c",
            "load_balancer_arn": "arn:aws:elasticloadbalancing:ap-south-1:638987496525:loadbalancer/app/espm-app-lb/e70a86f110910109",
            "port": 80,
            "protocol": "HTTP",
            "ssl_policy": "",
            "timeouts": null
          },
          "private": "eyJlMmJmYjczMC1lY2FhLTExZTYtOGY4OC0zNDM2M2JjN2M0YzAiOnsicmVhZCI6NjAwMDAwMDAwMDAwfX0=",
          "dependencies": [
            "aws_alb_target_group.espm_alb_tg",
            "aws_lb.espm_app_backend_lb",
            "aws_vpc.espm_vpc"
          ]
        }
      ]
    },
    {
      "mode": "managed",
      "type": "aws_lb_listener",
      "name": "front_end",
      "provider": "provider.aws",
      "instances": [
        {
          "schema_version": 0,
          "attributes": {
            "arn": "arn:aws:elasticloadbalancing:ap-south-1:638987496525:listener/app/espm-web-lb/cc04b900ad24c55f/82b18dd8de7365f4",
            "certificate_arn": null,
            "default_action": [
              {
                "authenticate_cognito": [],
                "authenticate_oidc": [],
                "fixed_response": [],
                "order": 1,
                "redirect": [],
                "target_group_arn": "arn:aws:elasticloadbalancing:ap-south-1:638987496525:targetgroup/espm-web-alb-tg/6b6277900b227f33",
                "type": "forward"
              }
            ],
            "id": "arn:aws:elasticloadbalancing:ap-south-1:638987496525:listener/app/espm-web-lb/cc04b900ad24c55f/82b18dd8de7365f4",
            "load_balancer_arn": "arn:aws:elasticloadbalancing:ap-south-1:638987496525:loadbalancer/app/espm-web-lb/cc04b900ad24c55f",
            "port": 80,
            "protocol": "HTTP",
            "ssl_policy": "",
            "timeouts": null
          },
          "private": "eyJlMmJmYjczMC1lY2FhLTExZTYtOGY4OC0zNDM2M2JjN2M0YzAiOnsicmVhZCI6NjAwMDAwMDAwMDAwfX0=",
          "dependencies": [
            "aws_alb_target_group.espm_web_alb_tg",
            "aws_lb.espm_web_lb"
          ]
        }
      ]
    },
    {
      "mode": "managed",
      "type": "aws_nat_gateway",
      "name": "espm_nat_gw",
      "provider": "provider.aws",
      "instances": [
        {
          "schema_version": 0,
          "attributes": {
            "allocation_id": "eipalloc-024e5018eefa373a5",
            "id": "nat-00ec918febb5c5574",
            "network_interface_id": "eni-0c11f7b59f069b75f",
            "private_ip": "10.0.2.10",
            "public_ip": "13.127.71.188",
            "subnet_id": "subnet-0e489f722997ea54f",
            "tags": null
          },
          "private": "bnVsbA==",
          "dependencies": [
            "aws_eip.espm_eip_nat",
            "aws_subnet.espm_pub_subnet"
          ]
        }
      ]
    },
    {
      "mode": "managed",
      "type": "aws_route_table",
      "name": "espm_pri_route_table",
      "provider": "provider.aws",
      "instances": [
        {
          "schema_version": 0,
          "attributes": {
            "id": "rtb-0f7812643a9bf6e19",
            "owner_id": "638987496525",
            "propagating_vgws": [],
            "route": [
              {
                "cidr_block": "0.0.0.0/0",
                "egress_only_gateway_id": "",
                "gateway_id": "",
                "instance_id": "",
                "ipv6_cidr_block": "",
                "nat_gateway_id": "nat-00ec918febb5c5574",
                "network_interface_id": "",
                "transit_gateway_id": "",
                "vpc_peering_connection_id": ""
              }
            ],
            "tags": {
              "Name": "espm_pri_route_table"
            },
            "vpc_id": "vpc-08c593dd1f560b338"
          },
          "private": "bnVsbA==",
          "dependencies": [
            "aws_eip.espm_eip_nat",
            "aws_nat_gateway.espm_nat_gw",
            "aws_subnet.espm_pub_subnet",
            "aws_vpc.espm_vpc"
          ]
        }
      ]
    },
    {
      "mode": "managed",
      "type": "aws_route_table",
      "name": "espm_pub_route_table",
      "provider": "provider.aws",
      "instances": [
        {
          "schema_version": 0,
          "attributes": {
            "id": "rtb-0aade57bf11269cdf",
            "owner_id": "638987496525",
            "propagating_vgws": [],
            "route": [
              {
                "cidr_block": "0.0.0.0/0",
                "egress_only_gateway_id": "",
                "gateway_id": "igw-045036960dcc1a88e",
                "instance_id": "",
                "ipv6_cidr_block": "",
                "nat_gateway_id": "",
                "network_interface_id": "",
                "transit_gateway_id": "",
                "vpc_peering_connection_id": ""
              }
            ],
            "tags": {
              "Name": "espm_pub_route_table"
            },
            "vpc_id": "vpc-08c593dd1f560b338"
          },
          "private": "bnVsbA==",
          "dependencies": [
            "aws_internet_gateway.espm_IG",
            "aws_vpc.espm_vpc"
          ]
        }
      ]
    },
    {
      "mode": "managed",
      "type": "aws_route_table_association",
      "name": "espm_pri_route_associate",
      "each": "list",
      "provider": "provider.aws",
      "instances": [
        {
          "index_key": 0,
          "schema_version": 0,
          "attributes": {
            "gateway_id": null,
            "id": "rtbassoc-00b8b8e428d9ac852",
            "route_table_id": "rtb-0f7812643a9bf6e19",
            "subnet_id": "subnet-01fd17eec5f54f43a"
          },
          "private": "bnVsbA==",
          "dependencies": [
            "aws_eip.espm_eip_nat",
            "aws_nat_gateway.espm_nat_gw",
            "aws_route_table.espm_pri_route_table",
            "aws_subnet.espm_pri_subnet",
            "aws_vpc.espm_vpc"
          ]
        },
        {
          "index_key": 1,
          "schema_version": 0,
          "attributes": {
            "gateway_id": null,
            "id": "rtbassoc-0ecbb7f29b654a3f0",
            "route_table_id": "rtb-0f7812643a9bf6e19",
            "subnet_id": "subnet-022003eb30a4b9bf8"
          },
          "private": "bnVsbA==",
          "dependencies": [
            "aws_eip.espm_eip_nat",
            "aws_nat_gateway.espm_nat_gw",
            "aws_route_table.espm_pri_route_table",
            "aws_subnet.espm_pri_subnet",
            "aws_vpc.espm_vpc"
          ]
        }
      ]
    },
    {
      "mode": "managed",
      "type": "aws_route_table_association",
      "name": "espm_pub_route_associate",
      "each": "list",
      "provider": "provider.aws",
      "instances": [
        {
          "index_key": 0,
          "schema_version": 0,
          "attributes": {
            "gateway_id": null,
            "id": "rtbassoc-0e37ca6ea27010bc0",
            "route_table_id": "rtb-0aade57bf11269cdf",
            "subnet_id": "subnet-024ff48e64b6cc53d"
          },
          "private": "bnVsbA==",
          "dependencies": [
            "aws_internet_gateway.espm_IG",
            "aws_route_table.espm_pub_route_table",
            "aws_subnet.espm_pub_subnet",
            "aws_vpc.espm_vpc"
          ]
        },
        {
          "index_key": 1,
          "schema_version": 0,
          "attributes": {
            "gateway_id": null,
            "id": "rtbassoc-07cdd67f227adcadc",
            "route_table_id": "rtb-0aade57bf11269cdf",
            "subnet_id": "subnet-0e489f722997ea54f"
          },
          "private": "bnVsbA==",
          "dependencies": [
            "aws_internet_gateway.espm_IG",
            "aws_route_table.espm_pub_route_table",
            "aws_subnet.espm_pub_subnet",
            "aws_vpc.espm_vpc"
          ]
        }
      ]
    },
    {
      "mode": "managed",
      "type": "aws_security_group",
      "name": "espm_asg_config_sg",
      "provider": "provider.aws",
      "instances": [
        {
          "schema_version": 1,
          "attributes": {
            "arn": "arn:aws:ec2:ap-south-1:638987496525:security-group/sg-0224e5ac49a27f00d",
            "description": "Managed by Terraform",
            "egress": [],
            "id": "sg-0224e5ac49a27f00d",
            "ingress": [
              {
                "cidr_blocks": [],
                "description": "",
                "from_port": 5000,
                "ipv6_cidr_blocks": [],
                "prefix_list_ids": [],
                "protocol": "tcp",
                "security_groups": [
                  "sg-08a916f9498a8d200"
                ],
                "self": false,
                "to_port": 5000
              }
            ],
            "name": "espm_asg_config_sg",
            "name_prefix": null,
            "owner_id": "638987496525",
            "revoke_rules_on_delete": false,
            "tags": {},
            "timeouts": null,
            "vpc_id": "vpc-08c593dd1f560b338"
          },
          "private": "eyJlMmJmYjczMC1lY2FhLTExZTYtOGY4OC0zNDM2M2JjN2M0YzAiOnsiY3JlYXRlIjo2MDAwMDAwMDAwMDAsImRlbGV0ZSI6NjAwMDAwMDAwMDAwfSwic2NoZW1hX3ZlcnNpb24iOiIxIn0=",
          "dependencies": [
            "aws_security_group.espm_sg_web_lb",
            "aws_vpc.espm_vpc"
          ]
        }
      ]
    },
    {
      "mode": "managed",
      "type": "aws_security_group",
      "name": "espm_sg_backend_lb",
      "provider": "provider.aws",
      "instances": [
        {
          "schema_version": 1,
          "attributes": {
            "arn": "arn:aws:ec2:ap-south-1:638987496525:security-group/sg-0cb22fab7905829a2",
            "description": "Managed by Terraform",
            "egress": [],
            "id": "sg-0cb22fab7905829a2",
            "ingress": [
              {
                "cidr_blocks": [],
                "description": "",
                "from_port": 5432,
                "ipv6_cidr_blocks": [],
                "prefix_list_ids": [],
                "protocol": "tcp",
                "security_groups": [
                  "sg-08a916f9498a8d200"
                ],
                "self": false,
                "to_port": 5432
              },
              {
                "cidr_blocks": [],
                "description": "",
                "from_port": 8080,
                "ipv6_cidr_blocks": [],
                "prefix_list_ids": [],
                "protocol": "tcp",
                "security_groups": [
                  "sg-08a916f9498a8d200"
                ],
                "self": false,
                "to_port": 8080
              },
              {
                "cidr_blocks": [],
                "description": "",
                "from_port": 80,
                "ipv6_cidr_blocks": [],
                "prefix_list_ids": [],
                "protocol": "tcp",
                "security_groups": [
                  "sg-08a916f9498a8d200"
                ],
                "self": false,
                "to_port": 80
              }
            ],
            "name": "espm_sg_backend_lb",
            "name_prefix": null,
            "owner_id": "638987496525",
            "revoke_rules_on_delete": false,
            "tags": {},
            "timeouts": null,
            "vpc_id": "vpc-08c593dd1f560b338"
          },
          "private": "eyJlMmJmYjczMC1lY2FhLTExZTYtOGY4OC0zNDM2M2JjN2M0YzAiOnsiY3JlYXRlIjo2MDAwMDAwMDAwMDAsImRlbGV0ZSI6NjAwMDAwMDAwMDAwfSwic2NoZW1hX3ZlcnNpb24iOiIxIn0=",
          "dependencies": [
            "aws_internet_gateway.espm_IG",
            "aws_security_group.espm_sg_web_lb",
            "aws_vpc.espm_vpc"
          ]
        }
      ]
    },
    {
      "mode": "managed",
      "type": "aws_security_group",
      "name": "espm_sg_web_lb",
      "provider": "provider.aws",
      "instances": [
        {
          "schema_version": 1,
          "attributes": {
            "arn": "arn:aws:ec2:ap-south-1:638987496525:security-group/sg-08a916f9498a8d200",
            "description": "Managed by Terraform",
            "egress": [],
            "id": "sg-08a916f9498a8d200",
            "ingress": [
              {
                "cidr_blocks": [
                  "0.0.0.0/0"
                ],
                "description": "",
                "from_port": 443,
                "ipv6_cidr_blocks": [],
                "prefix_list_ids": [],
                "protocol": "tcp",
                "security_groups": [],
                "self": false,
                "to_port": 443
              },
              {
                "cidr_blocks": [
                  "0.0.0.0/0"
                ],
                "description": "",
                "from_port": 5000,
                "ipv6_cidr_blocks": [],
                "prefix_list_ids": [],
                "protocol": "tcp",
                "security_groups": [],
                "self": false,
                "to_port": 5000
              },
              {
                "cidr_blocks": [
                  "0.0.0.0/0"
                ],
                "description": "",
                "from_port": 80,
                "ipv6_cidr_blocks": [],
                "prefix_list_ids": [],
                "protocol": "tcp",
                "security_groups": [],
                "self": false,
                "to_port": 80
              }
            ],
            "name": "espm_sg_web_lb",
            "name_prefix": null,
            "owner_id": "638987496525",
            "revoke_rules_on_delete": false,
            "tags": {},
            "timeouts": null,
            "vpc_id": "vpc-08c593dd1f560b338"
          },
          "private": "eyJlMmJmYjczMC1lY2FhLTExZTYtOGY4OC0zNDM2M2JjN2M0YzAiOnsiY3JlYXRlIjo2MDAwMDAwMDAwMDAsImRlbGV0ZSI6NjAwMDAwMDAwMDAwfSwic2NoZW1hX3ZlcnNpb24iOiIxIn0=",
          "dependencies": [
            "aws_internet_gateway.espm_IG",
            "aws_vpc.espm_vpc"
          ]
        }
      ]
    },
    {
      "mode": "managed",
      "type": "aws_subnet",
      "name": "espm_pri_subnet",
      "each": "list",
      "provider": "provider.aws",
      "instances": [
        {
          "index_key": 0,
          "schema_version": 1,
          "attributes": {
            "arn": "arn:aws:ec2:ap-south-1:638987496525:subnet/subnet-01fd17eec5f54f43a",
            "assign_ipv6_address_on_creation": false,
            "availability_zone": "ap-south-1a",
            "availability_zone_id": "aps1-az1",
            "cidr_block": "10.0.3.0/24",
            "id": "subnet-01fd17eec5f54f43a",
            "ipv6_cidr_block": "",
            "ipv6_cidr_block_association_id": "",
            "map_public_ip_on_launch": false,
            "owner_id": "638987496525",
            "tags": {
              "Name": "espm_pri_subnet_0"
            },
            "timeouts": null,
            "vpc_id": "vpc-08c593dd1f560b338"
          },
          "private": "eyJlMmJmYjczMC1lY2FhLTExZTYtOGY4OC0zNDM2M2JjN2M0YzAiOnsiY3JlYXRlIjo2MDAwMDAwMDAwMDAsImRlbGV0ZSI6MTIwMDAwMDAwMDAwMH0sInNjaGVtYV92ZXJzaW9uIjoiMSJ9",
          "dependencies": [
            "aws_vpc.espm_vpc"
          ]
        },
        {
          "index_key": 1,
          "schema_version": 1,
          "attributes": {
            "arn": "arn:aws:ec2:ap-south-1:638987496525:subnet/subnet-022003eb30a4b9bf8",
            "assign_ipv6_address_on_creation": false,
            "availability_zone": "ap-south-1b",
            "availability_zone_id": "aps1-az3",
            "cidr_block": "10.0.4.0/24",
            "id": "subnet-022003eb30a4b9bf8",
            "ipv6_cidr_block": "",
            "ipv6_cidr_block_association_id": "",
            "map_public_ip_on_launch": false,
            "owner_id": "638987496525",
            "tags": {
              "Name": "espm_pri_subnet_1"
            },
            "timeouts": null,
            "vpc_id": "vpc-08c593dd1f560b338"
          },
          "private": "eyJlMmJmYjczMC1lY2FhLTExZTYtOGY4OC0zNDM2M2JjN2M0YzAiOnsiY3JlYXRlIjo2MDAwMDAwMDAwMDAsImRlbGV0ZSI6MTIwMDAwMDAwMDAwMH0sInNjaGVtYV92ZXJzaW9uIjoiMSJ9",
          "dependencies": [
            "aws_vpc.espm_vpc"
          ]
        }
      ]
    },
    {
      "mode": "managed",
      "type": "aws_subnet",
      "name": "espm_pub_subnet",
      "each": "list",
      "provider": "provider.aws",
      "instances": [
        {
          "index_key": 0,
          "schema_version": 1,
          "attributes": {
            "arn": "arn:aws:ec2:ap-south-1:638987496525:subnet/subnet-024ff48e64b6cc53d",
            "assign_ipv6_address_on_creation": false,
            "availability_zone": "ap-south-1a",
            "availability_zone_id": "aps1-az1",
            "cidr_block": "10.0.1.0/24",
            "id": "subnet-024ff48e64b6cc53d",
            "ipv6_cidr_block": "",
            "ipv6_cidr_block_association_id": "",
            "map_public_ip_on_launch": true,
            "owner_id": "638987496525",
            "tags": {
              "Name": "espm_pub_subnet_0"
            },
            "timeouts": null,
            "vpc_id": "vpc-08c593dd1f560b338"
          },
          "private": "eyJlMmJmYjczMC1lY2FhLTExZTYtOGY4OC0zNDM2M2JjN2M0YzAiOnsiY3JlYXRlIjo2MDAwMDAwMDAwMDAsImRlbGV0ZSI6MTIwMDAwMDAwMDAwMH0sInNjaGVtYV92ZXJzaW9uIjoiMSJ9",
          "dependencies": [
            "aws_vpc.espm_vpc"
          ]
        },
        {
          "index_key": 1,
          "schema_version": 1,
          "attributes": {
            "arn": "arn:aws:ec2:ap-south-1:638987496525:subnet/subnet-0e489f722997ea54f",
            "assign_ipv6_address_on_creation": false,
            "availability_zone": "ap-south-1b",
            "availability_zone_id": "aps1-az3",
            "cidr_block": "10.0.2.0/24",
            "id": "subnet-0e489f722997ea54f",
            "ipv6_cidr_block": "",
            "ipv6_cidr_block_association_id": "",
            "map_public_ip_on_launch": true,
            "owner_id": "638987496525",
            "tags": {
              "Name": "espm_pub_subnet_1"
            },
            "timeouts": null,
            "vpc_id": "vpc-08c593dd1f560b338"
          },
          "private": "eyJlMmJmYjczMC1lY2FhLTExZTYtOGY4OC0zNDM2M2JjN2M0YzAiOnsiY3JlYXRlIjo2MDAwMDAwMDAwMDAsImRlbGV0ZSI6MTIwMDAwMDAwMDAwMH0sInNjaGVtYV92ZXJzaW9uIjoiMSJ9",
          "dependencies": [
            "aws_vpc.espm_vpc"
          ]
        }
      ]
    },
    {
      "mode": "managed",
      "type": "aws_vpc",
      "name": "espm_vpc",
      "provider": "provider.aws",
      "instances": [
        {
          "schema_version": 1,
          "attributes": {
            "arn": "arn:aws:ec2:ap-south-1:638987496525:vpc/vpc-08c593dd1f560b338",
            "assign_generated_ipv6_cidr_block": false,
            "cidr_block": "10.0.0.0/16",
            "default_network_acl_id": "acl-068fda58807f12668",
            "default_route_table_id": "rtb-0c1b89e4090188876",
            "default_security_group_id": "sg-02605e45e5f516496",
            "dhcp_options_id": "dopt-a640aacd",
            "enable_classiclink": null,
            "enable_classiclink_dns_support": null,
            "enable_dns_hostnames": true,
            "enable_dns_support": true,
            "id": "vpc-08c593dd1f560b338",
            "instance_tenancy": "default",
            "ipv6_association_id": "",
            "ipv6_cidr_block": "",
            "main_route_table_id": "rtb-0c1b89e4090188876",
            "owner_id": "638987496525",
            "tags": {
              "Name": "espm_vpc"
            }
          },
          "private": "eyJzY2hlbWFfdmVyc2lvbiI6IjEifQ=="
        }
      ]
    }
  ]
}
